
Microsoft Visual Studio Solution File, Format Version 12.00
# Visual Studio Version 17
VisualStudioVersion = 17.3.32922.545
MinimumVisualStudioVersion = 10.0.40219.1
Project("{FAE04EC0-301F-11D3-BF4B-00C04F79EFBC}") = "WinFormsApplication", "WinFormsApplication\WinFormsApplication.csproj", "{7C7EE8F6-C232-4AB7-B6CA-453CD2241814}"
EndProject
Global
	GlobalSection(SolutionConfigurationPlatforms) = preSolution
		Debug|Any CPU = Debug|Any CPU
		Release|Any CPU = Release|Any CPU
	EndGlobalSection
	GlobalSection(ProjectConfigurationPlatforms) = postSolution
		{7C7EE8F6-C232-4AB7-B6CA-453CD2241814}.Debug|Any CPU.ActiveCfg = Debug|Any CPU
		{7C7EE8F6-C232-4AB7-B6CA-453CD2241814}.Debug|Any CPU.Build.0 = Debug|Any CPU
		{7C7EE8F6-C232-4AB7-B6CA-453CD2241814}.Release|Any CPU.ActiveCfg = Release|Any CPU
		{7C7EE8F6-C232-4AB7-B6CA-453CD2241814}.Release|Any CPU.Build.0 = Release|Any CPU
	EndGlobalSection
	GlobalSection(SolutionProperties) = preSolution
		HideSolutionNode = FALSE
	EndGlobalSection
	GlobalSection(ExtensibilityGlobals) = postSolution
		SolutionGuid = {1F149E76-B405-4F96-8889-F30DC255EF29}
	EndGlobalSection
EndGlobal
